
Microsoft Visual Studio Solution File, Format Version 12.00
# Visual Studio Version 16
VisualStudioVersion = 16.0.31321.278
MinimumVisualStudioVersion = 10.0.40219.1
Project("{2150E333-8FDC-42A3-9474-1A3956D46DE8}") = "src", "src", "{177B6550-BEA8-47BC-8E33-8AD5117F3727}"
EndProject
Project("{2150E333-8FDC-42A3-9474-1A3956D46DE8}") = "Core", "Core", "{C9A8BE2D-EBD3-42F0-9759-33370CC7C709}"
EndProject
Project("{2150E333-8FDC-42A3-9474-1A3956D46DE8}") = "Infraestructure", "Infraestructure", "{B67D246B-EB44-4F77-8C81-F513AD837E5A}"
EndProject
Project("{2150E333-8FDC-42A3-9474-1A3956D46DE8}") = "Presentation", "Presentation", "{5624B3E6-5014-47F8-B896-F55BA6D2F5BD}"
EndProject
Project("{FAE04EC0-301F-11D3-BF4B-00C04F79EFBC}") = "Application", "Application\Application.csproj", "{CDF9A58F-A828-4491-A3C8-CC8339950ECD}"
EndProject
Project("{FAE04EC0-301F-11D3-BF4B-00C04F79EFBC}") = "Domain", "Domain\Domain.csproj", "{4370E00E-E246-4EC2-AB10-82E6CB52794D}"
EndProject
Project("{FAE04EC0-301F-11D3-BF4B-00C04F79EFBC}") = "Persistence", "Persistence\Persistence.csproj", "{088A0822-05FB-497F-BAD5-10E9F6ABA847}"
EndProject
Project("{FAE04EC0-301F-11D3-BF4B-00C04F79EFBC}") = "Shared", "Shared\Shared.csproj", "{34BC1F66-DA67-40BC-BB29-732490CADF74}"
EndProject
Project("{FAE04EC0-301F-11D3-BF4B-00C04F79EFBC}") = "WebAPI", "WebAPI\WebAPI.csproj", "{96841AD1-D246-4AEF-9B8D-3651655FF710}"
EndProject
Global
	GlobalSection(SolutionConfigurationPlatforms) = preSolution
		Debug|Any CPU = Debug|Any CPU
		Release|Any CPU = Release|Any CPU
	EndGlobalSection
	GlobalSection(ProjectConfigurationPlatforms) = postSolution
		{CDF9A58F-A828-4491-A3C8-CC8339950ECD}.Debug|Any CPU.ActiveCfg = Debug|Any CPU
		{CDF9A58F-A828-4491-A3C8-CC8339950ECD}.Debug|Any CPU.Build.0 = Debug|Any CPU
		{CDF9A58F-A828-4491-A3C8-CC8339950ECD}.Release|Any CPU.ActiveCfg = Release|Any CPU
		{CDF9A58F-A828-4491-A3C8-CC8339950ECD}.Release|Any CPU.Build.0 = Release|Any CPU
		{4370E00E-E246-4EC2-AB10-82E6CB52794D}.Debug|Any CPU.ActiveCfg = Debug|Any CPU
		{4370E00E-E246-4EC2-AB10-82E6CB52794D}.Debug|Any CPU.Build.0 = Debug|Any CPU
		{4370E00E-E246-4EC2-AB10-82E6CB52794D}.Release|Any CPU.ActiveCfg = Release|Any CPU
		{4370E00E-E246-4EC2-AB10-82E6CB52794D}.Release|Any CPU.Build.0 = Release|Any CPU
		{088A0822-05FB-497F-BAD5-10E9F6ABA847}.Debug|Any CPU.ActiveCfg = Debug|Any CPU
		{088A0822-05FB-497F-BAD5-10E9F6ABA847}.Debug|Any CPU.Build.0 = Debug|Any CPU
		{088A0822-05FB-497F-BAD5-10E9F6ABA847}.Release|Any CPU.ActiveCfg = Release|Any CPU
		{088A0822-05FB-497F-BAD5-10E9F6ABA847}.Release|Any CPU.Build.0 = Release|Any CPU
		{34BC1F66-DA67-40BC-BB29-732490CADF74}.Debug|Any CPU.ActiveCfg = Debug|Any CPU
		{34BC1F66-DA67-40BC-BB29-732490CADF74}.Debug|Any CPU.Build.0 = Debug|Any CPU
		{34BC1F66-DA67-40BC-BB29-732490CADF74}.Release|Any CPU.ActiveCfg = Release|Any CPU
		{34BC1F66-DA67-40BC-BB29-732490CADF74}.Release|Any CPU.Build.0 = Release|Any CPU
		{96841AD1-D246-4AEF-9B8D-3651655FF710}.Debug|Any CPU.ActiveCfg = Debug|Any CPU
		{96841AD1-D246-4AEF-9B8D-3651655FF710}.Debug|Any CPU.Build.0 = Debug|Any CPU
		{96841AD1-D246-4AEF-9B8D-3651655FF710}.Release|Any CPU.ActiveCfg = Release|Any CPU
		{96841AD1-D246-4AEF-9B8D-3651655FF710}.Release|Any CPU.Build.0 = Release|Any CPU
	EndGlobalSection
	GlobalSection(SolutionProperties) = preSolution
		HideSolutionNode = FALSE
	EndGlobalSection
	GlobalSection(NestedProjects) = preSolution
		{C9A8BE2D-EBD3-42F0-9759-33370CC7C709} = {177B6550-BEA8-47BC-8E33-8AD5117F3727}
		{B67D246B-EB44-4F77-8C81-F513AD837E5A} = {177B6550-BEA8-47BC-8E33-8AD5117F3727}
		{5624B3E6-5014-47F8-B896-F55BA6D2F5BD} = {177B6550-BEA8-47BC-8E33-8AD5117F3727}
		{CDF9A58F-A828-4491-A3C8-CC8339950ECD} = {C9A8BE2D-EBD3-42F0-9759-33370CC7C709}
		{4370E00E-E246-4EC2-AB10-82E6CB52794D} = {C9A8BE2D-EBD3-42F0-9759-33370CC7C709}
		{088A0822-05FB-497F-BAD5-10E9F6ABA847} = {B67D246B-EB44-4F77-8C81-F513AD837E5A}
		{34BC1F66-DA67-40BC-BB29-732490CADF74} = {B67D246B-EB44-4F77-8C81-F513AD837E5A}
		{96841AD1-D246-4AEF-9B8D-3651655FF710} = {5624B3E6-5014-47F8-B896-F55BA6D2F5BD}
	EndGlobalSection
	GlobalSection(ExtensibilityGlobals) = postSolution
		SolutionGuid = {CDE9E156-9E94-4C9B-A93D-4E064CD3432F}
	EndGlobalSection
EndGlobal
