
Microsoft Visual Studio Solution File, Format Version 12.00
# Visual Studio Version 16
VisualStudioVersion = 16.0.30907.101
MinimumVisualStudioVersion = 10.0.40219.1
Project("{2150E333-8FDC-42A3-9474-1A3956D46DE8}") = "src", "src", "{97D0613E-807B-43BC-B5D0-4EF1FC87C490}"
EndProject
Project("{2150E333-8FDC-42A3-9474-1A3956D46DE8}") = "Core", "Core", "{5DD32039-9690-4718-810C-FA92EE8A130E}"
EndProject
Project("{2150E333-8FDC-42A3-9474-1A3956D46DE8}") = "Infraestructure", "Infraestructure", "{FD6F3299-21E4-4F97-9D67-5855842B4114}"
EndProject
Project("{2150E333-8FDC-42A3-9474-1A3956D46DE8}") = "Presentation", "Presentation", "{F51B488E-9CE5-43A6-8808-F69FAD89491C}"
EndProject
Project("{FAE04EC0-301F-11D3-BF4B-00C04F79EFBC}") = "Application", "Application\Application.csproj", "{8B5B7C7A-EC51-4B24-8680-3B254C42020D}"
EndProject
Project("{FAE04EC0-301F-11D3-BF4B-00C04F79EFBC}") = "Domain", "Domain\Domain.csproj", "{378B500D-E1E2-4F03-A498-62C8B26D2DC8}"
EndProject
Project("{FAE04EC0-301F-11D3-BF4B-00C04F79EFBC}") = "Persistence", "Persistence\Persistence.csproj", "{78EFFC22-5C60-4B04-83E1-23D2DEBB437B}"
EndProject
Project("{FAE04EC0-301F-11D3-BF4B-00C04F79EFBC}") = "Shared", "Shared\Shared.csproj", "{D0C0C213-E0B2-4023-8CD6-E81AC745B1E1}"
EndProject
Project("{FAE04EC0-301F-11D3-BF4B-00C04F79EFBC}") = "WebAppAPI", "WebAppAPI\WebAppAPI.csproj", "{E3637FA7-131D-4361-BBC1-341431696EDE}"
EndProject
Global
	GlobalSection(SolutionConfigurationPlatforms) = preSolution
		Debug|Any CPU = Debug|Any CPU
		Release|Any CPU = Release|Any CPU
	EndGlobalSection
	GlobalSection(ProjectConfigurationPlatforms) = postSolution
		{8B5B7C7A-EC51-4B24-8680-3B254C42020D}.Debug|Any CPU.ActiveCfg = Debug|Any CPU
		{8B5B7C7A-EC51-4B24-8680-3B254C42020D}.Debug|Any CPU.Build.0 = Debug|Any CPU
		{8B5B7C7A-EC51-4B24-8680-3B254C42020D}.Release|Any CPU.ActiveCfg = Release|Any CPU
		{8B5B7C7A-EC51-4B24-8680-3B254C42020D}.Release|Any CPU.Build.0 = Release|Any CPU
		{378B500D-E1E2-4F03-A498-62C8B26D2DC8}.Debug|Any CPU.ActiveCfg = Debug|Any CPU
		{378B500D-E1E2-4F03-A498-62C8B26D2DC8}.Debug|Any CPU.Build.0 = Debug|Any CPU
		{378B500D-E1E2-4F03-A498-62C8B26D2DC8}.Release|Any CPU.ActiveCfg = Release|Any CPU
		{378B500D-E1E2-4F03-A498-62C8B26D2DC8}.Release|Any CPU.Build.0 = Release|Any CPU
		{78EFFC22-5C60-4B04-83E1-23D2DEBB437B}.Debug|Any CPU.ActiveCfg = Debug|Any CPU
		{78EFFC22-5C60-4B04-83E1-23D2DEBB437B}.Debug|Any CPU.Build.0 = Debug|Any CPU
		{78EFFC22-5C60-4B04-83E1-23D2DEBB437B}.Release|Any CPU.ActiveCfg = Release|Any CPU
		{78EFFC22-5C60-4B04-83E1-23D2DEBB437B}.Release|Any CPU.Build.0 = Release|Any CPU
		{D0C0C213-E0B2-4023-8CD6-E81AC745B1E1}.Debug|Any CPU.ActiveCfg = Debug|Any CPU
		{D0C0C213-E0B2-4023-8CD6-E81AC745B1E1}.Debug|Any CPU.Build.0 = Debug|Any CPU
		{D0C0C213-E0B2-4023-8CD6-E81AC745B1E1}.Release|Any CPU.ActiveCfg = Release|Any CPU
		{D0C0C213-E0B2-4023-8CD6-E81AC745B1E1}.Release|Any CPU.Build.0 = Release|Any CPU
		{E3637FA7-131D-4361-BBC1-341431696EDE}.Debug|Any CPU.ActiveCfg = Debug|Any CPU
		{E3637FA7-131D-4361-BBC1-341431696EDE}.Debug|Any CPU.Build.0 = Debug|Any CPU
		{E3637FA7-131D-4361-BBC1-341431696EDE}.Release|Any CPU.ActiveCfg = Release|Any CPU
		{E3637FA7-131D-4361-BBC1-341431696EDE}.Release|Any CPU.Build.0 = Release|Any CPU
	EndGlobalSection
	GlobalSection(SolutionProperties) = preSolution
		HideSolutionNode = FALSE
	EndGlobalSection
	GlobalSection(NestedProjects) = preSolution
		{5DD32039-9690-4718-810C-FA92EE8A130E} = {97D0613E-807B-43BC-B5D0-4EF1FC87C490}
		{FD6F3299-21E4-4F97-9D67-5855842B4114} = {97D0613E-807B-43BC-B5D0-4EF1FC87C490}
		{F51B488E-9CE5-43A6-8808-F69FAD89491C} = {97D0613E-807B-43BC-B5D0-4EF1FC87C490}
		{8B5B7C7A-EC51-4B24-8680-3B254C42020D} = {5DD32039-9690-4718-810C-FA92EE8A130E}
		{378B500D-E1E2-4F03-A498-62C8B26D2DC8} = {5DD32039-9690-4718-810C-FA92EE8A130E}
		{78EFFC22-5C60-4B04-83E1-23D2DEBB437B} = {FD6F3299-21E4-4F97-9D67-5855842B4114}
		{D0C0C213-E0B2-4023-8CD6-E81AC745B1E1} = {FD6F3299-21E4-4F97-9D67-5855842B4114}
		{E3637FA7-131D-4361-BBC1-341431696EDE} = {F51B488E-9CE5-43A6-8808-F69FAD89491C}
	EndGlobalSection
	GlobalSection(ExtensibilityGlobals) = postSolution
		SolutionGuid = {D8EFCEE5-AABA-48B2-BBC0-06A81AF21C1B}
	EndGlobalSection
EndGlobal
